{
  "lockfileVersion": 1,
  "configVersion": 1,
  "workspaces": {
    "": {
      "name": "@tpsdev-ai/bob-monorepo",
      "devDependencies": {
        "@biomejs/biome": "^2.4.4",
        "@types/node": "^22.0.0",
        "typescript": "^5.7.0",
      },
    },
    "packages/cli": {
      "name": "@tpsdev-ai/bob",
      "version": "0.0.0",
      "bin": {
        "bob": "./bin/bob",
      },
      "dependencies": {
        "@tpsdev-ai/bob-discord": "workspace:*",
        "@tpsdev-ai/bob-shell": "workspace:*",
      },
    },
    "packages/discord": {
      "name": "@tpsdev-ai/bob-discord",
      "version": "0.0.0",
      "dependencies": {
        "@tpsdev-ai/bob-shell": "workspace:*",
        "discord.js": "^14.16.0",
      },
    },
    "packages/shell": {
      "name": "@tpsdev-ai/bob-shell",
      "version": "0.0.0",
    },
  },
  "packages": {
    "@biomejs/biome": ["@biomejs/biome@2.4.15", "", { "optionalDependencies": { "@biomejs/cli-darwin-arm64": "2.4.15", "@biomejs/cli-darwin-x64": "2.4.15", "@biomejs/cli-linux-arm64": "2.4.15", "@biomejs/cli-linux-arm64-musl": "2.4.15", "@biomejs/cli-linux-x64": "2.4.15", "@biomejs/cli-linux-x64-musl": "2.4.15", "@biomejs/cli-win32-arm64": "2.4.15", "@biomejs/cli-win32-x64": "2.4.15" }, "bin": { "biome": "bin/biome" } }, "sha512-j5VH3a/h/HXTKBM50MDMxRCzkeLv9S2XJcW2WgnZT1+xyisi+0bISrXR82gCX+8S9lvK0skEvHJRN+3Ktr2hlw=="],

    "@biomejs/cli-darwin-arm64": ["@biomejs/cli-darwin-arm64@2.4.15", "", { "os": "darwin", "cpu": "arm64" }, "sha512-rF3PPqLq1yoST79zaQbDjVJwsuIeci/O+9bgNmC5QpgOqz6aqYuzA4abyAGx+mgyiDXn4A049xAN8gijbuR1Qg=="],

    "@biomejs/cli-darwin-x64": ["@biomejs/cli-darwin-x64@2.4.15", "", { "os": "darwin", "cpu": "x64" }, "sha512-/5KHXYMfSJs1fNXiX30xFtI8JcCFV6zaVVLxOa0M2sfqBKHkpQhRTv94yxQWxeTY2lzo2OuTlNvPC+hDQt2wcQ=="],

    "@biomejs/cli-linux-arm64": ["@biomejs/cli-linux-arm64@2.4.15", "", { "os": "linux", "cpu": "arm64" }, "sha512-owaAMZD/T4LrD0ELNCk0Km3qrRHuM0X6EAyVE1FSqGY0rbLoiDLrO4Us2tllm6cAeB2Ioa9C2C08NZPdr8+0Ug=="],

    "@biomejs/cli-linux-arm64-musl": ["@biomejs/cli-linux-arm64-musl@2.4.15", "", { "os": "linux", "cpu": "arm64" }, "sha512-ZPcxznxm0pogHBLZhYntyR3sR+MrZjqJIKEr7ZqVen0Rl+P/4upVmfYXjftizi9RoqZntg33fv/1fbdhbYXpEQ=="],

    "@biomejs/cli-linux-x64": ["@biomejs/cli-linux-x64@2.4.15", "", { "os": "linux", "cpu": "x64" }, "sha512-0jj7THz12GbUOLmMibktK6DZjqz2zV64KFxyBtcFTKPiiOIY0a7vns1elpO1dERvxpsZ5ik0oFfz0oGwFde1+g=="],

    "@biomejs/cli-linux-x64-musl": ["@biomejs/cli-linux-x64-musl@2.4.15", "", { "os": "linux", "cpu": "x64" }, "sha512-CNq/9W38SYSH023lfcQ4KKU8K0YX8T//FZUhcgtMMRABDojx5XsMV7jlweAvGSl389wJQB29Qo6Zb/a+jdvt+w=="],

    "@biomejs/cli-win32-arm64": ["@biomejs/cli-win32-arm64@2.4.15", "", { "os": "win32", "cpu": "arm64" }, "sha512-ouhkYdlhp/1GghEJPdWwD/Vi3gQ1nFxuSpMolWsbq3Lsq3QUR4jl6UdhhscdCugKU5vOEuMiJhvKj66O0OCq+w=="],

    "@biomejs/cli-win32-x64": ["@biomejs/cli-win32-x64@2.4.15", "", { "os": "win32", "cpu": "x64" }, "sha512-zBrGq5mx5wwpnow4+2BxUvleDM+GNd4sLbPaMapsSLQLD0NGRCquqPBTgN+7XkUteHvj7M+BstuI8tmnV7+HgQ=="],

    "@discordjs/builders": ["@discordjs/builders@1.14.1", "", { "dependencies": { "@discordjs/formatters": "^0.6.2", "@discordjs/util": "^1.2.0", "@sapphire/shapeshift": "^4.0.0", "discord-api-types": "^0.38.40", "fast-deep-equal": "^3.1.3", "ts-mixer": "^6.0.4", "tslib": "^2.6.3" } }, "sha512-gSKkhXLqs96TCzk66VZuHHl8z2bQMJFGwrXC0f33ngK+FLNau4hU1PYny3DNJfNdSH+gVMzE85/d5FQ2BpcNwQ=="],

    "@discordjs/collection": ["@discordjs/collection@1.5.3", "", {}, "sha512-SVb428OMd3WO1paV3rm6tSjM4wC+Kecaa1EUGX7vc6/fddvw/6lg90z4QtCqm21zvVe92vMMDt9+DkIvjXImQQ=="],

    "@discordjs/formatters": ["@discordjs/formatters@0.6.2", "", { "dependencies": { "discord-api-types": "^0.38.33" } }, "sha512-y4UPwWhH6vChKRkGdMB4odasUbHOUwy7KL+OVwF86PvT6QVOwElx+TiI1/6kcmcEe+g5YRXJFiXSXUdabqZOvQ=="],

    "@discordjs/rest": ["@discordjs/rest@2.6.1", "", { "dependencies": { "@discordjs/collection": "^2.1.1", "@discordjs/util": "^1.2.0", "@sapphire/async-queue": "^1.5.3", "@sapphire/snowflake": "^3.5.5", "@vladfrangu/async_event_emitter": "^2.4.6", "discord-api-types": "^0.38.40", "magic-bytes.js": "^1.13.0", "tslib": "^2.6.3", "undici": "6.24.1" } }, "sha512-wwQdgjeaoYFiaG+atbqx6aJDpqW7JHAo0HrQkBTbYzM3/PJ3GweQIpgElNcGZ26DCUOXMyawYd0YF7vtr+fZXg=="],

    "@discordjs/util": ["@discordjs/util@1.2.0", "", { "dependencies": { "discord-api-types": "^0.38.33" } }, "sha512-3LKP7F2+atl9vJFhaBjn4nOaSWahZ/yWjOvA4e5pnXkt2qyXRCHLxoBQy81GFtLGCq7K9lPm9R517M1U+/90Qg=="],

    "@discordjs/ws": ["@discordjs/ws@1.2.3", "", { "dependencies": { "@discordjs/collection": "^2.1.0", "@discordjs/rest": "^2.5.1", "@discordjs/util": "^1.1.0", "@sapphire/async-queue": "^1.5.2", "@types/ws": "^8.5.10", "@vladfrangu/async_event_emitter": "^2.2.4", "discord-api-types": "^0.38.1", "tslib": "^2.6.2", "ws": "^8.17.0" } }, "sha512-wPlQDxEmlDg5IxhJPuxXr3Vy9AjYq5xCvFWGJyD7w7Np8ZGu+Mc+97LCoEc/+AYCo2IDpKioiH0/c/mj5ZR9Uw=="],

    "@sapphire/async-queue": ["@sapphire/async-queue@1.5.5", "", {}, "sha512-cvGzxbba6sav2zZkH8GPf2oGk9yYoD5qrNWdu9fRehifgnFZJMV+nuy2nON2roRO4yQQ+v7MK/Pktl/HgfsUXg=="],

    "@sapphire/shapeshift": ["@sapphire/shapeshift@4.0.0", "", { "dependencies": { "fast-deep-equal": "^3.1.3", "lodash": "^4.17.21" } }, "sha512-d9dUmWVA7MMiKobL3VpLF8P2aeanRTu6ypG2OIaEv/ZHH/SUQ2iHOVyi5wAPjQ+HmnMuL0whK9ez8I/raWbtIg=="],

    "@sapphire/snowflake": ["@sapphire/snowflake@3.5.3", "", {}, "sha512-jjmJywLAFoWeBi1W7994zZyiNWPIiqRRNAmSERxyg93xRGzNYvGjlZ0gR6x0F4gPRi2+0O6S71kOZYyr3cxaIQ=="],

    "@tpsdev-ai/bob": ["@tpsdev-ai/bob@workspace:packages/cli"],

    "@tpsdev-ai/bob-discord": ["@tpsdev-ai/bob-discord@workspace:packages/discord"],

    "@tpsdev-ai/bob-shell": ["@tpsdev-ai/bob-shell@workspace:packages/shell"],

    "@types/node": ["@types/node@22.19.19", "", { "dependencies": { "undici-types": "~6.21.0" } }, "sha512-dyh/xO2Fh5bYrfWaaqGrRQQGkNdmYw6AmaAUvYeUMNTWQtvb796ikLdmTchRmOlOiIJ1TDXfWgVx1QkUlQ6Hew=="],

    "@types/ws": ["@types/ws@8.18.1", "", { "dependencies": { "@types/node": "*" } }, "sha512-ThVF6DCVhA8kUGy+aazFQ4kXQ7E1Ty7A3ypFOe0IcJV8O/M511G99AW24irKrW56Wt44yG9+ij8FaqoBGkuBXg=="],

    "@vladfrangu/async_event_emitter": ["@vladfrangu/async_event_emitter@2.4.7", "", {}, "sha512-Xfe6rpCTxSxfbswi/W/Pz7zp1WWSNn4A0eW4mLkQUewCrXXtMj31lCg+iQyTkh/CkusZSq9eDflu7tjEDXUY6g=="],

    "discord-api-types": ["discord-api-types@0.38.47", "", {}, "sha512-XgXQodHQBAE6kfD7kMvVo30863iHX1LHSqNq6MGUTDwIFCCvHva13+rwxyxVXDqudyApMNAd32PGjgVETi5rjA=="],

    "discord.js": ["discord.js@14.26.4", "", { "dependencies": { "@discordjs/builders": "^1.14.1", "@discordjs/collection": "1.5.3", "@discordjs/formatters": "^0.6.2", "@discordjs/rest": "^2.6.1", "@discordjs/util": "^1.2.0", "@discordjs/ws": "^1.2.3", "@sapphire/snowflake": "3.5.3", "discord-api-types": "^0.38.40", "fast-deep-equal": "3.1.3", "lodash.snakecase": "4.1.1", "magic-bytes.js": "^1.13.0", "tslib": "^2.6.3", "undici": "6.24.1" } }, "sha512-4oBp8tc6Kf8IDBwAHhbsMaAqx1b5fob9SNasZT7V6yyyUydoO5i5fGuX7TmvRtR+q/WgKRnRViRoAWnG7fNyvA=="],

    "fast-deep-equal": ["fast-deep-equal@3.1.3", "", {}, "sha512-f3qQ9oQy9j2AhBe/H9VC91wLmKBCCU/gDOnKNAYG5hswO7BLKj09Hc5HYNz9cGI++xlpDCIgDaitVs03ATR84Q=="],

    "lodash": ["lodash@4.18.1", "", {}, "sha512-dMInicTPVE8d1e5otfwmmjlxkZoUpiVLwyeTdUsi/Caj/gfzzblBcCE5sRHV/AsjuCmxWrte2TNGSYuCeCq+0Q=="],

    "lodash.snakecase": ["lodash.snakecase@4.1.1", "", {}, "sha512-QZ1d4xoBHYUeuouhEq3lk3Uq7ldgyFXGBhg04+oRLnIz8o9T65Eh+8YdroUwn846zchkA9yDsDl5CVVaV2nqYw=="],

    "magic-bytes.js": ["magic-bytes.js@1.13.0", "", {}, "sha512-afO2mnxW7GDTXMm5/AoN1WuOcdoKhtgXjIvHmobqTD1grNplhGdv3PFOyjCVmrnOZBIT/gD/koDKpYG+0mvHcg=="],

    "ts-mixer": ["ts-mixer@6.0.4", "", {}, "sha512-ufKpbmrugz5Aou4wcr5Wc1UUFWOLhq+Fm6qa6P0w0K5Qw2yhaUoiWszhCVuNQyNwrlGiscHOmqYoAox1PtvgjA=="],

    "tslib": ["tslib@2.8.1", "", {}, "sha512-oJFu94HQb+KVduSUQL7wnpmqnfmLsOA/nAh6b6EH0wCEoK0/mPeXU6c3wKDV83MkOuHPRHtSXKKU99IBazS/2w=="],

    "typescript": ["typescript@5.9.3", "", { "bin": { "tsc": "bin/tsc", "tsserver": "bin/tsserver" } }, "sha512-jl1vZzPDinLr9eUt3J/t7V6FgNEw9QjvBPdysz9KfQDD41fQrC2Y4vKQdiaUpFT4bXlb1RHhLpp8wtm6M5TgSw=="],

    "undici": ["undici@6.24.1", "", {}, "sha512-sC+b0tB1whOCzbtlx20fx3WgCXwkW627p4EA9uM+/tNNPkSS+eSEld6pAs9nDv7WbY1UUljBMYPtu9BCOrCWKA=="],

    "undici-types": ["undici-types@6.21.0", "", {}, "sha512-iwDZqg0QAGrg9Rav5H4n0M64c3mkR59cJ6wQp+7C4nI0gsmExaedaYLNO44eT4AtBBwjbTiGPMlt2Md0T9H9JQ=="],

    "ws": ["ws@8.20.1", "", { "peerDependencies": { "bufferutil": "^4.0.1", "utf-8-validate": ">=5.0.2" }, "optionalPeers": ["bufferutil", "utf-8-validate"] }, "sha512-It4dO0K5v//JtTXuPkfEOaI3uUN87iYPnqo/ZzqCoG3g8uhA66QUMs/SrM0YK7/NAu+r4LMh/9dq2A7k+rHs+w=="],

    "@discordjs/rest/@discordjs/collection": ["@discordjs/collection@2.1.1", "", {}, "sha512-LiSusze9Tc7qF03sLCujF5iZp7K+vRNEDBZ86FT9aQAv3vxMLihUvKvpsCWiQ2DJq1tVckopKm1rxomgNUc9hg=="],

    "@discordjs/rest/@sapphire/snowflake": ["@sapphire/snowflake@3.5.5", "", {}, "sha512-xzvBr1Q1c4lCe7i6sRnrofxeO1QTP/LKQ6A6qy0iB4x5yfiSfARMEQEghojzTNALDTcv8En04qYNIco9/K9eZQ=="],

    "@discordjs/ws/@discordjs/collection": ["@discordjs/collection@2.1.1", "", {}, "sha512-LiSusze9Tc7qF03sLCujF5iZp7K+vRNEDBZ86FT9aQAv3vxMLihUvKvpsCWiQ2DJq1tVckopKm1rxomgNUc9hg=="],
  }
}
