{
  "name": "@tpsdev-ai/milton",
  "version": "0.0.0",
  "lockfileVersion": 3,
  "requires": true,
  "packages": {
    "": {
      "name": "@tpsdev-ai/milton",
      "version": "0.0.0",
      "license": "UNLICENSED",
      "devDependencies": {},
      "engines": {
        "node": ">=22"
      }
    }
  }
}
